
Microsoft Visual Studio Solution File, Format Version 12.00
# Visual Studio 2015
Project("{FAE04EC0-301F-11D3-BF4B-00C04F79EFBC}") = "HackerStory Project.CSharp.Plugins", "HackerStory Project.CSharp.Plugins.csproj", "{702514C1-AEC2-0A70-15BC-F8E241B2A769}"
EndProject
Project("{FAE04EC0-301F-11D3-BF4B-00C04F79EFBC}") = "HackerStory Project.CSharp", "HackerStory Project.CSharp.csproj", "{144EA95D-3ADD-CAF6-7528-D87BD57C1CA3}"
EndProject
Project("{FAE04EC0-301F-11D3-BF4B-00C04F79EFBC}") = "HackerStory Project.CSharp.Editor", "HackerStory Project.CSharp.Editor.csproj", "{3F4104C2-AE65-69BC-ABAB-851DF849AFCC}"
EndProject
Global
	GlobalSection(SolutionConfigurationPlatforms) = preSolution
		Debug|Any CPU = Debug|Any CPU
		Release|Any CPU = Release|Any CPU
	EndGlobalSection
	GlobalSection(ProjectConfigurationPlatforms) = postSolution
		{702514C1-AEC2-0A70-15BC-F8E241B2A769}.Debug|Any CPU.ActiveCfg = Debug|Any CPU
		{702514C1-AEC2-0A70-15BC-F8E241B2A769}.Debug|Any CPU.Build.0 = Debug|Any CPU
		{702514C1-AEC2-0A70-15BC-F8E241B2A769}.Release|Any CPU.ActiveCfg = Release|Any CPU
		{702514C1-AEC2-0A70-15BC-F8E241B2A769}.Release|Any CPU.Build.0 = Release|Any CPU
		{144EA95D-3ADD-CAF6-7528-D87BD57C1CA3}.Debug|Any CPU.ActiveCfg = Debug|Any CPU
		{144EA95D-3ADD-CAF6-7528-D87BD57C1CA3}.Debug|Any CPU.Build.0 = Debug|Any CPU
		{144EA95D-3ADD-CAF6-7528-D87BD57C1CA3}.Release|Any CPU.ActiveCfg = Release|Any CPU
		{144EA95D-3ADD-CAF6-7528-D87BD57C1CA3}.Release|Any CPU.Build.0 = Release|Any CPU
		{3F4104C2-AE65-69BC-ABAB-851DF849AFCC}.Debug|Any CPU.ActiveCfg = Debug|Any CPU
		{3F4104C2-AE65-69BC-ABAB-851DF849AFCC}.Debug|Any CPU.Build.0 = Debug|Any CPU
		{3F4104C2-AE65-69BC-ABAB-851DF849AFCC}.Release|Any CPU.ActiveCfg = Release|Any CPU
		{3F4104C2-AE65-69BC-ABAB-851DF849AFCC}.Release|Any CPU.Build.0 = Release|Any CPU
	EndGlobalSection
	GlobalSection(SolutionProperties) = preSolution
		HideSolutionNode = FALSE
	EndGlobalSection
EndGlobal
